
Microsoft Visual Studio Solution File, Format Version 12.00
# Visual Studio Version 17
VisualStudioVersion = 17.10.35122.118
MinimumVisualStudioVersion = 10.0.40219.1
Project("{FAE04EC0-301F-11D3-BF4B-00C04F79EFBC}") = "DZ_PaternPrototip2", "DZ_PaternPrototip2.csproj", "{F6CEC777-948E-4BF8-BA13-F090B478CA48}"
EndProject
Global
	GlobalSection(SolutionConfigurationPlatforms) = preSolution
		Debug|Any CPU = Debug|Any CPU
		Release|Any CPU = Release|Any CPU
	EndGlobalSection
	GlobalSection(ProjectConfigurationPlatforms) = postSolution
		{F6CEC777-948E-4BF8-BA13-F090B478CA48}.Debug|Any CPU.ActiveCfg = Debug|Any CPU
		{F6CEC777-948E-4BF8-BA13-F090B478CA48}.Debug|Any CPU.Build.0 = Debug|Any CPU
		{F6CEC777-948E-4BF8-BA13-F090B478CA48}.Release|Any CPU.ActiveCfg = Release|Any CPU
		{F6CEC777-948E-4BF8-BA13-F090B478CA48}.Release|Any CPU.Build.0 = Release|Any CPU
	EndGlobalSection
	GlobalSection(SolutionProperties) = preSolution
		HideSolutionNode = FALSE
	EndGlobalSection
	GlobalSection(ExtensibilityGlobals) = postSolution
		SolutionGuid = {4F0A5F34-97D2-4814-8EF2-3606D285310E}
	EndGlobalSection
EndGlobal
